
Microsoft Visual Studio Solution File, Format Version 12.00
# Visual Studio Version 16
VisualStudioVersion = 16.0.29519.181
MinimumVisualStudioVersion = 10.0.40219.1
Project("{FAE04EC0-301F-11D3-BF4B-00C04F79EFBC}") = "Test Project1", "Test Project1\Test Project1.csproj", "{CF164232-14D8-4561-950F-41A89B8DF7EB}"
EndProject
Global
	GlobalSection(SolutionConfigurationPlatforms) = preSolution
		Debug|Any CPU = Debug|Any CPU
		Release|Any CPU = Release|Any CPU
	EndGlobalSection
	GlobalSection(ProjectConfigurationPlatforms) = postSolution
		{CF164232-14D8-4561-950F-41A89B8DF7EB}.Debug|Any CPU.ActiveCfg = Debug|Any CPU
		{CF164232-14D8-4561-950F-41A89B8DF7EB}.Debug|Any CPU.Build.0 = Debug|Any CPU
		{CF164232-14D8-4561-950F-41A89B8DF7EB}.Release|Any CPU.ActiveCfg = Release|Any CPU
		{CF164232-14D8-4561-950F-41A89B8DF7EB}.Release|Any CPU.Build.0 = Release|Any CPU
	EndGlobalSection
	GlobalSection(SolutionProperties) = preSolution
		HideSolutionNode = FALSE
	EndGlobalSection
	GlobalSection(ExtensibilityGlobals) = postSolution
		SolutionGuid = {0F593A7B-F6C0-4AD7-B116-3A2EFAD70FE8}
	EndGlobalSection
EndGlobal
